
Microsoft Visual Studio Solution File, Format Version 12.00
Project("{FAE04EC0-301F-11D3-BF4B-00C04F79EFBC}") = "Water", "Water\Water.csproj", "{FB2469C2-0A90-4723-B780-C9860ED363C3}"
EndProject
Global
	GlobalSection(SolutionConfigurationPlatforms) = preSolution
		Debug|Any CPU = Debug|Any CPU
		Release|Any CPU = Release|Any CPU
	EndGlobalSection
	GlobalSection(ProjectConfigurationPlatforms) = postSolution
		{FB2469C2-0A90-4723-B780-C9860ED363C3}.Debug|Any CPU.ActiveCfg = Debug|Any CPU
		{FB2469C2-0A90-4723-B780-C9860ED363C3}.Debug|Any CPU.Build.0 = Debug|Any CPU
		{FB2469C2-0A90-4723-B780-C9860ED363C3}.Release|Any CPU.ActiveCfg = Release|Any CPU
		{FB2469C2-0A90-4723-B780-C9860ED363C3}.Release|Any CPU.Build.0 = Release|Any CPU
	EndGlobalSection
EndGlobal
